
Microsoft Visual Studio Solution File, Format Version 12.00
# Visual Studio Version 17
VisualStudioVersion = 17.3.32929.385
MinimumVisualStudioVersion = 10.0.40219.1
Project("{FAE04EC0-301F-11D3-BF4B-00C04F79EFBC}") = "LeapYear", "LeapYear\LeapYear.csproj", "{DB48AD31-7FBC-44AC-8B93-667C6E98FC56}"
EndProject
Global
	GlobalSection(SolutionConfigurationPlatforms) = preSolution
		Debug|Any CPU = Debug|Any CPU
		Release|Any CPU = Release|Any CPU
	EndGlobalSection
	GlobalSection(ProjectConfigurationPlatforms) = postSolution
		{DB48AD31-7FBC-44AC-8B93-667C6E98FC56}.Debug|Any CPU.ActiveCfg = Debug|Any CPU
		{DB48AD31-7FBC-44AC-8B93-667C6E98FC56}.Debug|Any CPU.Build.0 = Debug|Any CPU
		{DB48AD31-7FBC-44AC-8B93-667C6E98FC56}.Release|Any CPU.ActiveCfg = Release|Any CPU
		{DB48AD31-7FBC-44AC-8B93-667C6E98FC56}.Release|Any CPU.Build.0 = Release|Any CPU
	EndGlobalSection
	GlobalSection(SolutionProperties) = preSolution
		HideSolutionNode = FALSE
	EndGlobalSection
	GlobalSection(ExtensibilityGlobals) = postSolution
		SolutionGuid = {05F050C9-0BE1-47AC-B7BF-FA1B7FF9DF98}
	EndGlobalSection
EndGlobal
