
Microsoft Visual Studio Solution File, Format Version 12.00
# Visual Studio Version 17
VisualStudioVersion = 17.3.32929.385
MinimumVisualStudioVersion = 10.0.40219.1
Project("{FAE04EC0-301F-11D3-BF4B-00C04F79EFBC}") = "HarmonicNumber", "HarmonicNumber\HarmonicNumber.csproj", "{422BC177-4BEC-4E25-BB78-1B5FDC983383}"
EndProject
Global
	GlobalSection(SolutionConfigurationPlatforms) = preSolution
		Debug|Any CPU = Debug|Any CPU
		Release|Any CPU = Release|Any CPU
	EndGlobalSection
	GlobalSection(ProjectConfigurationPlatforms) = postSolution
		{422BC177-4BEC-4E25-BB78-1B5FDC983383}.Debug|Any CPU.ActiveCfg = Debug|Any CPU
		{422BC177-4BEC-4E25-BB78-1B5FDC983383}.Debug|Any CPU.Build.0 = Debug|Any CPU
		{422BC177-4BEC-4E25-BB78-1B5FDC983383}.Release|Any CPU.ActiveCfg = Release|Any CPU
		{422BC177-4BEC-4E25-BB78-1B5FDC983383}.Release|Any CPU.Build.0 = Release|Any CPU
	EndGlobalSection
	GlobalSection(SolutionProperties) = preSolution
		HideSolutionNode = FALSE
	EndGlobalSection
	GlobalSection(ExtensibilityGlobals) = postSolution
		SolutionGuid = {06E40A1B-A3BE-4924-8B2D-76F2295B50CE}
	EndGlobalSection
EndGlobal
