
Microsoft Visual Studio Solution File, Format Version 12.00
# Visual Studio Version 17
VisualStudioVersion = 17.3.32929.385
MinimumVisualStudioVersion = 10.0.40219.1
Project("{FAE04EC0-301F-11D3-BF4B-00C04F79EFBC}") = "ReverseNumber", "ReverseNumber\ReverseNumber.csproj", "{A5A30CFC-61BE-4554-BC98-EEBA31B04C1E}"
EndProject
Global
	GlobalSection(SolutionConfigurationPlatforms) = preSolution
		Debug|Any CPU = Debug|Any CPU
		Release|Any CPU = Release|Any CPU
	EndGlobalSection
	GlobalSection(ProjectConfigurationPlatforms) = postSolution
		{A5A30CFC-61BE-4554-BC98-EEBA31B04C1E}.Debug|Any CPU.ActiveCfg = Debug|Any CPU
		{A5A30CFC-61BE-4554-BC98-EEBA31B04C1E}.Debug|Any CPU.Build.0 = Debug|Any CPU
		{A5A30CFC-61BE-4554-BC98-EEBA31B04C1E}.Release|Any CPU.ActiveCfg = Release|Any CPU
		{A5A30CFC-61BE-4554-BC98-EEBA31B04C1E}.Release|Any CPU.Build.0 = Release|Any CPU
	EndGlobalSection
	GlobalSection(SolutionProperties) = preSolution
		HideSolutionNode = FALSE
	EndGlobalSection
	GlobalSection(ExtensibilityGlobals) = postSolution
		SolutionGuid = {D402B92E-F913-4951-B82F-C5E3E30E43D2}
	EndGlobalSection
EndGlobal
